
Microsoft Visual Studio Solution File, Format Version 12.00
# Visual Studio 2013
VisualStudioVersion = 12.0.30626.0
MinimumVisualStudioVersion = 10.0.40219.1
Project("{FAE04EC0-301F-11D3-BF4B-00C04F79EFBC}") = "MessengerService", "MessengerService.csproj", "{4CC653F9-C880-4E4E-81C3-54A3EA25CAE5}"
EndProject
Project("{2150E333-8FDC-42A3-9474-1A3956D46DE8}") = ".nuget", ".nuget", "{04BA89F6-927B-47E8-B6ED-F8445CD8EBAB}"
	ProjectSection(SolutionItems) = preProject
		.nuget\NuGet.Config = .nuget\NuGet.Config
		.nuget\NuGet.exe = .nuget\NuGet.exe
		.nuget\NuGet.targets = .nuget\NuGet.targets
	EndProjectSection
EndProject
Project("{FAE04EC0-301F-11D3-BF4B-00C04F79EFBC}") = "MessengerService.Tests", "..\MessengerService.Tests\MessengerService.Tests.csproj", "{94BC8848-7F7A-4A0C-93D4-A60F63304171}"
EndProject
Global
	GlobalSection(SolutionConfigurationPlatforms) = preSolution
		Debug|Any CPU = Debug|Any CPU
		Release|Any CPU = Release|Any CPU
	EndGlobalSection
	GlobalSection(ProjectConfigurationPlatforms) = postSolution
		{4CC653F9-C880-4E4E-81C3-54A3EA25CAE5}.Debug|Any CPU.ActiveCfg = Debug|Any CPU
		{4CC653F9-C880-4E4E-81C3-54A3EA25CAE5}.Debug|Any CPU.Build.0 = Debug|Any CPU
		{4CC653F9-C880-4E4E-81C3-54A3EA25CAE5}.Release|Any CPU.ActiveCfg = Release|Any CPU
		{4CC653F9-C880-4E4E-81C3-54A3EA25CAE5}.Release|Any CPU.Build.0 = Release|Any CPU
		{94BC8848-7F7A-4A0C-93D4-A60F63304171}.Debug|Any CPU.ActiveCfg = Debug|Any CPU
		{94BC8848-7F7A-4A0C-93D4-A60F63304171}.Debug|Any CPU.Build.0 = Debug|Any CPU
		{94BC8848-7F7A-4A0C-93D4-A60F63304171}.Release|Any CPU.ActiveCfg = Release|Any CPU
		{94BC8848-7F7A-4A0C-93D4-A60F63304171}.Release|Any CPU.Build.0 = Release|Any CPU
	EndGlobalSection
	GlobalSection(SolutionProperties) = preSolution
		HideSolutionNode = FALSE
	EndGlobalSection
EndGlobal
